
Microsoft Visual Studio Solution File, Format Version 12.00
# Visual Studio 2012
Project("{FAE04EC0-301F-11D3-BF4B-00C04F79EFBC}") = "premier nombres entiers avec tantque", "premier nombres entiers avec tantque\premier nombres entiers avec tantque.csproj", "{93E18EE3-1C7A-4EC8-A27E-B570D0DC8C42}"
EndProject
Global
	GlobalSection(SolutionConfigurationPlatforms) = preSolution
		Debug|Any CPU = Debug|Any CPU
		Release|Any CPU = Release|Any CPU
	EndGlobalSection
	GlobalSection(ProjectConfigurationPlatforms) = postSolution
		{93E18EE3-1C7A-4EC8-A27E-B570D0DC8C42}.Debug|Any CPU.ActiveCfg = Debug|Any CPU
		{93E18EE3-1C7A-4EC8-A27E-B570D0DC8C42}.Debug|Any CPU.Build.0 = Debug|Any CPU
		{93E18EE3-1C7A-4EC8-A27E-B570D0DC8C42}.Release|Any CPU.ActiveCfg = Release|Any CPU
		{93E18EE3-1C7A-4EC8-A27E-B570D0DC8C42}.Release|Any CPU.Build.0 = Release|Any CPU
	EndGlobalSection
	GlobalSection(SolutionProperties) = preSolution
		HideSolutionNode = FALSE
	EndGlobalSection
EndGlobal
